{
  "name": "blogs",
  "version": "1.0.0",
  "lockfileVersion": 1,
  "requires": true,
  "dependencies": {
    "vuepress-plugin-cat": {
      "version": "1.0.3",
      "resolved": "http://172.25.66.6:4873/vuepress-plugin-cat/-/vuepress-plugin-cat-1.0.3.tgz",
      "integrity": "sha1-77rEOYGuTe5VyHJrNHt7onIFJlQ="
    }
  }
}
